// !$*UTF8*$!
{
	archiveVersion = 1;
	classes = {
	};
	objectVersion = 46;
	objects = {

/* Begin PBXBuildFile section */
		BE4E0D301CABF8DB00E2F0BB /* libC7.dylib in Frameworks */ = {isa = PBXBuildFile; fileRef = "_____Product_C7" /* libC7.dylib */; };
		BE4E0D311CABF8DB00E2F0BB /* libOperatingSystem.dylib in Frameworks */ = {isa = PBXBuildFile; fileRef = "_____Product_OperatingSystem" /* libOperatingSystem.dylib */; };
		BE4E0D321CABF8DB00E2F0BB /* libC7.dylib in Frameworks */ = {isa = PBXBuildFile; fileRef = "_____Product_C7" /* libC7.dylib */; };
		BE4E0D331CABF8DB00E2F0BB /* libOperatingSystem.dylib in Frameworks */ = {isa = PBXBuildFile; fileRef = "_____Product_OperatingSystem" /* libOperatingSystem.dylib */; };
		BE4E0D341CABF8DB00E2F0BB /* libData.dylib in Frameworks */ = {isa = PBXBuildFile; fileRef = "_____Product_Data" /* libData.dylib */; };
		BE4E0D351CABF8DB00E2F0BB /* libC7.dylib in Frameworks */ = {isa = PBXBuildFile; fileRef = "_____Product_C7" /* libC7.dylib */; };
		BE4E0D361CABF8DB00E2F0BB /* libOperatingSystem.dylib in Frameworks */ = {isa = PBXBuildFile; fileRef = "_____Product_OperatingSystem" /* libOperatingSystem.dylib */; };
		BE4E0D371CABF8DB00E2F0BB /* libData.dylib in Frameworks */ = {isa = PBXBuildFile; fileRef = "_____Product_Data" /* libData.dylib */; };
		BE4E0D381CABF8DB00E2F0BB /* libInterchangeData.dylib in Frameworks */ = {isa = PBXBuildFile; fileRef = "_____Product_InterchangeData" /* libInterchangeData.dylib */; };
		BE4E0D3F1CABFA8900E2F0BB /* Convertible.swift in Sources */ = {isa = PBXBuildFile; fileRef = BE4E0D3E1CABFA8900E2F0BB /* Convertible.swift */; };
		_LinkFileRef_C7 /* libC7.dylib in Frameworks */ = {isa = PBXBuildFile; fileRef = "_____Product_C7" /* libC7.dylib */; };
		_LinkFileRef_Data /* libData.dylib in Frameworks */ = {isa = PBXBuildFile; fileRef = "_____Product_Data" /* libData.dylib */; };
		_LinkFileRef_InterchangeData /* libInterchangeData.dylib in Frameworks */ = {isa = PBXBuildFile; fileRef = "_____Product_InterchangeData" /* libInterchangeData.dylib */; };
		_LinkFileRef_InterchangeDataMapper /* libInterchangeDataMapper.dylib in Frameworks */ = {isa = PBXBuildFile; fileRef = "_____Product_InterchangeDataMapper" /* libInterchangeDataMapper.dylib */; };
		_LinkFileRef_OperatingSystem /* libOperatingSystem.dylib in Frameworks */ = {isa = PBXBuildFile; fileRef = "_____Product_OperatingSystem" /* libOperatingSystem.dylib */; };
		"__src_cc_ref_Packages/C7-0.1.11/Sources/AsyncStream.swift" /* AsyncStream.swift in Sources */ = {isa = PBXBuildFile; fileRef = "__PBXFileRef_Packages/C7-0.1.11/Sources/AsyncStream.swift" /* AsyncStream.swift */; };
		"__src_cc_ref_Packages/C7-0.1.11/Sources/AsyncStreamClient.swift" /* AsyncStreamClient.swift in Sources */ = {isa = PBXBuildFile; fileRef = "__PBXFileRef_Packages/C7-0.1.11/Sources/AsyncStreamClient.swift" /* AsyncStreamClient.swift */; };
		"__src_cc_ref_Packages/C7-0.1.11/Sources/AsyncStreamServer.swift" /* AsyncStreamServer.swift in Sources */ = {isa = PBXBuildFile; fileRef = "__PBXFileRef_Packages/C7-0.1.11/Sources/AsyncStreamServer.swift" /* AsyncStreamServer.swift */; };
		"__src_cc_ref_Packages/C7-0.1.11/Sources/Byte.swift" /* Byte.swift in Sources */ = {isa = PBXBuildFile; fileRef = "__PBXFileRef_Packages/C7-0.1.11/Sources/Byte.swift" /* Byte.swift */; };
		"__src_cc_ref_Packages/C7-0.1.11/Sources/CaseInsensitiveString.swift" /* CaseInsensitiveString.swift in Sources */ = {isa = PBXBuildFile; fileRef = "__PBXFileRef_Packages/C7-0.1.11/Sources/CaseInsensitiveString.swift" /* CaseInsensitiveString.swift */; };
		"__src_cc_ref_Packages/C7-0.1.11/Sources/CustomDataStore.swift" /* CustomDataStore.swift in Sources */ = {isa = PBXBuildFile; fileRef = "__PBXFileRef_Packages/C7-0.1.11/Sources/CustomDataStore.swift" /* CustomDataStore.swift */; };
		"__src_cc_ref_Packages/C7-0.1.11/Sources/Data.swift" /* Data.swift in Sources */ = {isa = PBXBuildFile; fileRef = "__PBXFileRef_Packages/C7-0.1.11/Sources/Data.swift" /* Data.swift */; };
		"__src_cc_ref_Packages/C7-0.1.11/Sources/Drain.swift" /* Drain.swift in Sources */ = {isa = PBXBuildFile; fileRef = "__PBXFileRef_Packages/C7-0.1.11/Sources/Drain.swift" /* Drain.swift */; };
		"__src_cc_ref_Packages/C7-0.1.11/Sources/Storage.swift" /* Storage.swift in Sources */ = {isa = PBXBuildFile; fileRef = "__PBXFileRef_Packages/C7-0.1.11/Sources/Storage.swift" /* Storage.swift */; };
		"__src_cc_ref_Packages/C7-0.1.11/Sources/Stream.swift" /* Stream.swift in Sources */ = {isa = PBXBuildFile; fileRef = "__PBXFileRef_Packages/C7-0.1.11/Sources/Stream.swift" /* Stream.swift */; };
		"__src_cc_ref_Packages/C7-0.1.11/Sources/StreamClient.swift" /* StreamClient.swift in Sources */ = {isa = PBXBuildFile; fileRef = "__PBXFileRef_Packages/C7-0.1.11/Sources/StreamClient.swift" /* StreamClient.swift */; };
		"__src_cc_ref_Packages/C7-0.1.11/Sources/StreamSequence.swift" /* StreamSequence.swift in Sources */ = {isa = PBXBuildFile; fileRef = "__PBXFileRef_Packages/C7-0.1.11/Sources/StreamSequence.swift" /* StreamSequence.swift */; };
		"__src_cc_ref_Packages/C7-0.1.11/Sources/StreamServer.swift" /* StreamServer.swift in Sources */ = {isa = PBXBuildFile; fileRef = "__PBXFileRef_Packages/C7-0.1.11/Sources/StreamServer.swift" /* StreamServer.swift */; };
		"__src_cc_ref_Packages/C7-0.1.11/Sources/URI.swift" /* URI.swift in Sources */ = {isa = PBXBuildFile; fileRef = "__PBXFileRef_Packages/C7-0.1.11/Sources/URI.swift" /* URI.swift */; };
		"__src_cc_ref_Packages/Data-0.4.8/Source/Data.swift" /* Data.swift in Sources */ = {isa = PBXBuildFile; fileRef = "__PBXFileRef_Packages/Data-0.4.8/Source/Data.swift" /* Data.swift */; };
		"__src_cc_ref_Packages/InterchangeData-0.4.2/Source/InterchangeData.swift" /* InterchangeData.swift in Sources */ = {isa = PBXBuildFile; fileRef = "__PBXFileRef_Packages/InterchangeData-0.4.2/Source/InterchangeData.swift" /* InterchangeData.swift */; };
		"__src_cc_ref_Packages/OperatingSystem-0.4.2/Sources/OperatingSystem.swift" /* OperatingSystem.swift in Sources */ = {isa = PBXBuildFile; fileRef = "__PBXFileRef_Packages/OperatingSystem-0.4.2/Sources/OperatingSystem.swift" /* OperatingSystem.swift */; };
		__src_cc_ref_Sources/Convertible.swift /* Initializable.swift in Sources */ = {isa = PBXBuildFile; fileRef = __PBXFileRef_Sources/Convertible.swift /* Initializable.swift */; };
		__src_cc_ref_Sources/InterchangeData.swift /* InterchangeData.swift in Sources */ = {isa = PBXBuildFile; fileRef = __PBXFileRef_Sources/InterchangeData.swift /* InterchangeData.swift */; };
		__src_cc_ref_Sources/Mappable.swift /* Mappable.swift in Sources */ = {isa = PBXBuildFile; fileRef = __PBXFileRef_Sources/Mappable.swift /* Mappable.swift */; };
		__src_cc_ref_Sources/Mapper.swift /* Mapper.swift in Sources */ = {isa = PBXBuildFile; fileRef = __PBXFileRef_Sources/Mapper.swift /* Mapper.swift */; };
		__src_cc_ref_Tests/InterchangeDataMapper/MappableValueTests.swift /* MappableValueTests.swift in Sources */ = {isa = PBXBuildFile; fileRef = __PBXFileRef_Tests/InterchangeDataMapper/MappableValueTests.swift /* MappableValueTests.swift */; };
		__src_cc_ref_Tests/InterchangeDataMapper/NormalValueTests.swift /* NormalValueTests.swift in Sources */ = {isa = PBXBuildFile; fileRef = __PBXFileRef_Tests/InterchangeDataMapper/NormalValueTests.swift /* NormalValueTests.swift */; };
		__src_cc_ref_Tests/InterchangeDataMapper/OptionalValueTests.swift /* OptionalValueTests.swift in Sources */ = {isa = PBXBuildFile; fileRef = __PBXFileRef_Tests/InterchangeDataMapper/OptionalValueTests.swift /* OptionalValueTests.swift */; };
		__src_cc_ref_Tests/InterchangeDataMapper/RawRepresentableValueTests.swift /* RawRepresentableValueTests.swift in Sources */ = {isa = PBXBuildFile; fileRef = __PBXFileRef_Tests/InterchangeDataMapper/RawRepresentableValueTests.swift /* RawRepresentableValueTests.swift */; };
/* End PBXBuildFile section */

/* Begin PBXContainerItemProxy section */
		BE4E0D391CABF8DB00E2F0BB /* PBXContainerItemProxy */ = {
			isa = PBXContainerItemProxy;
			containerPortal = __RootObject_ /* Project object */;
			proxyType = 1;
			remoteGlobalIDString = "______Target_C7";
			remoteInfo = C7;
		};
		BE4E0D3A1CABF8DB00E2F0BB /* PBXContainerItemProxy */ = {
			isa = PBXContainerItemProxy;
			containerPortal = __RootObject_ /* Project object */;
			proxyType = 1;
			remoteGlobalIDString = "______Target_OperatingSystem";
			remoteInfo = OperatingSystem;
		};
		BE4E0D3B1CABF8DB00E2F0BB /* PBXContainerItemProxy */ = {
			isa = PBXContainerItemProxy;
			containerPortal = __RootObject_ /* Project object */;
			proxyType = 1;
			remoteGlobalIDString = "______Target_Data";
			remoteInfo = Data;
		};
		BE4E0D3C1CABF8DB00E2F0BB /* PBXContainerItemProxy */ = {
			isa = PBXContainerItemProxy;
			containerPortal = __RootObject_ /* Project object */;
			proxyType = 1;
			remoteGlobalIDString = "______Target_InterchangeData";
			remoteInfo = InterchangeData;
		};
		BE4E0D3D1CABF8DB00E2F0BB /* PBXContainerItemProxy */ = {
			isa = PBXContainerItemProxy;
			containerPortal = __RootObject_ /* Project object */;
			proxyType = 1;
			remoteGlobalIDString = "______Target_InterchangeDataMapper";
			remoteInfo = InterchangeDataMapper;
		};
/* End PBXContainerItemProxy section */

/* Begin PBXFileReference section */
		BE4E0D3E1CABFA8900E2F0BB /* Convertible.swift */ = {isa = PBXFileReference; fileEncoding = 4; lastKnownFileType = sourcecode.swift; path = Convertible.swift; sourceTree = "<group>"; };
		__PBXFileRef_Package.swift /* Package.swift */ = {isa = PBXFileReference; lastKnownFileType = sourcecode.swift; name = Package.swift; path = /Users/oleg/Development/OpenSource/InterchangeDataMapper/Package.swift; sourceTree = "<group>"; };
		"__PBXFileRef_Packages/C7-0.1.11/Sources/AsyncStream.swift" /* AsyncStream.swift */ = {isa = PBXFileReference; lastKnownFileType = sourcecode.swift; path = AsyncStream.swift; sourceTree = "<group>"; };
		"__PBXFileRef_Packages/C7-0.1.11/Sources/AsyncStreamClient.swift" /* AsyncStreamClient.swift */ = {isa = PBXFileReference; lastKnownFileType = sourcecode.swift; path = AsyncStreamClient.swift; sourceTree = "<group>"; };
		"__PBXFileRef_Packages/C7-0.1.11/Sources/AsyncStreamServer.swift" /* AsyncStreamServer.swift */ = {isa = PBXFileReference; lastKnownFileType = sourcecode.swift; path = AsyncStreamServer.swift; sourceTree = "<group>"; };
		"__PBXFileRef_Packages/C7-0.1.11/Sources/Byte.swift" /* Byte.swift */ = {isa = PBXFileReference; lastKnownFileType = sourcecode.swift; path = Byte.swift; sourceTree = "<group>"; };
		"__PBXFileRef_Packages/C7-0.1.11/Sources/CaseInsensitiveString.swift" /* CaseInsensitiveString.swift */ = {isa = PBXFileReference; lastKnownFileType = sourcecode.swift; path = CaseInsensitiveString.swift; sourceTree = "<group>"; };
		"__PBXFileRef_Packages/C7-0.1.11/Sources/CustomDataStore.swift" /* CustomDataStore.swift */ = {isa = PBXFileReference; lastKnownFileType = sourcecode.swift; path = CustomDataStore.swift; sourceTree = "<group>"; };
		"__PBXFileRef_Packages/C7-0.1.11/Sources/Data.swift" /* Data.swift */ = {isa = PBXFileReference; lastKnownFileType = sourcecode.swift; path = Data.swift; sourceTree = "<group>"; };
		"__PBXFileRef_Packages/C7-0.1.11/Sources/Drain.swift" /* Drain.swift */ = {isa = PBXFileReference; lastKnownFileType = sourcecode.swift; path = Drain.swift; sourceTree = "<group>"; };
		"__PBXFileRef_Packages/C7-0.1.11/Sources/Storage.swift" /* Storage.swift */ = {isa = PBXFileReference; lastKnownFileType = sourcecode.swift; path = Storage.swift; sourceTree = "<group>"; };
		"__PBXFileRef_Packages/C7-0.1.11/Sources/Stream.swift" /* Stream.swift */ = {isa = PBXFileReference; lastKnownFileType = sourcecode.swift; path = Stream.swift; sourceTree = "<group>"; };
		"__PBXFileRef_Packages/C7-0.1.11/Sources/StreamClient.swift" /* StreamClient.swift */ = {isa = PBXFileReference; lastKnownFileType = sourcecode.swift; path = StreamClient.swift; sourceTree = "<group>"; };
		"__PBXFileRef_Packages/C7-0.1.11/Sources/StreamSequence.swift" /* StreamSequence.swift */ = {isa = PBXFileReference; lastKnownFileType = sourcecode.swift; path = StreamSequence.swift; sourceTree = "<group>"; };
		"__PBXFileRef_Packages/C7-0.1.11/Sources/StreamServer.swift" /* StreamServer.swift */ = {isa = PBXFileReference; lastKnownFileType = sourcecode.swift; path = StreamServer.swift; sourceTree = "<group>"; };
		"__PBXFileRef_Packages/C7-0.1.11/Sources/URI.swift" /* URI.swift */ = {isa = PBXFileReference; lastKnownFileType = sourcecode.swift; path = URI.swift; sourceTree = "<group>"; };
		"__PBXFileRef_Packages/Data-0.4.8/Source/Data.swift" /* Data.swift */ = {isa = PBXFileReference; lastKnownFileType = sourcecode.swift; path = Data.swift; sourceTree = "<group>"; };
		"__PBXFileRef_Packages/InterchangeData-0.4.2/Source/InterchangeData.swift" /* InterchangeData.swift */ = {isa = PBXFileReference; lastKnownFileType = sourcecode.swift; path = InterchangeData.swift; sourceTree = "<group>"; };
		"__PBXFileRef_Packages/OperatingSystem-0.4.2/Sources/OperatingSystem.swift" /* OperatingSystem.swift */ = {isa = PBXFileReference; lastKnownFileType = sourcecode.swift; path = OperatingSystem.swift; sourceTree = "<group>"; };
		__PBXFileRef_Sources/Convertible.swift /* Initializable.swift */ = {isa = PBXFileReference; lastKnownFileType = sourcecode.swift; path = Initializable.swift; sourceTree = "<group>"; };
		__PBXFileRef_Sources/InterchangeData.swift /* InterchangeData.swift */ = {isa = PBXFileReference; lastKnownFileType = sourcecode.swift; path = InterchangeData.swift; sourceTree = "<group>"; };
		__PBXFileRef_Sources/Mappable.swift /* Mappable.swift */ = {isa = PBXFileReference; lastKnownFileType = sourcecode.swift; path = Mappable.swift; sourceTree = "<group>"; };
		__PBXFileRef_Sources/Mapper.swift /* Mapper.swift */ = {isa = PBXFileReference; lastKnownFileType = sourcecode.swift; path = Mapper.swift; sourceTree = "<group>"; };
		__PBXFileRef_Tests/InterchangeDataMapper/MappableValueTests.swift /* MappableValueTests.swift */ = {isa = PBXFileReference; lastKnownFileType = sourcecode.swift; path = MappableValueTests.swift; sourceTree = "<group>"; };
		__PBXFileRef_Tests/InterchangeDataMapper/NormalValueTests.swift /* NormalValueTests.swift */ = {isa = PBXFileReference; lastKnownFileType = sourcecode.swift; path = NormalValueTests.swift; sourceTree = "<group>"; };
		__PBXFileRef_Tests/InterchangeDataMapper/OptionalValueTests.swift /* OptionalValueTests.swift */ = {isa = PBXFileReference; lastKnownFileType = sourcecode.swift; path = OptionalValueTests.swift; sourceTree = "<group>"; };
		__PBXFileRef_Tests/InterchangeDataMapper/RawRepresentableValueTests.swift /* RawRepresentableValueTests.swift */ = {isa = PBXFileReference; lastKnownFileType = sourcecode.swift; path = RawRepresentableValueTests.swift; sourceTree = "<group>"; };
		"_____Product_C7" /* libC7.dylib */ = {isa = PBXFileReference; explicitFileType = "compiled.mach-o.dylib"; path = libC7.dylib; sourceTree = BUILT_PRODUCTS_DIR; };
		"_____Product_Data" /* libData.dylib */ = {isa = PBXFileReference; explicitFileType = "compiled.mach-o.dylib"; path = libData.dylib; sourceTree = BUILT_PRODUCTS_DIR; };
		"_____Product_InterchangeData" /* libInterchangeData.dylib */ = {isa = PBXFileReference; explicitFileType = "compiled.mach-o.dylib"; path = libInterchangeData.dylib; sourceTree = BUILT_PRODUCTS_DIR; };
		"_____Product_InterchangeDataMapper" /* libInterchangeDataMapper.dylib */ = {isa = PBXFileReference; explicitFileType = "compiled.mach-o.dylib"; path = libInterchangeDataMapper.dylib; sourceTree = BUILT_PRODUCTS_DIR; };
		"_____Product_InterchangeDataMapperTestSuite" /* InterchangeDataMapperTestSuite.xctest */ = {isa = PBXFileReference; lastKnownFileType = file; name = InterchangeDataMapperTestSuite.xctest; path = InterchangeDataMapper.testsuite.xctest; sourceTree = BUILT_PRODUCTS_DIR; };
		"_____Product_OperatingSystem" /* libOperatingSystem.dylib */ = {isa = PBXFileReference; explicitFileType = "compiled.mach-o.dylib"; path = libOperatingSystem.dylib; sourceTree = BUILT_PRODUCTS_DIR; };
/* End PBXFileReference section */

/* Begin PBXFrameworksBuildPhase section */
		"___LinkPhase_C7" /* Frameworks */ = {
			isa = PBXFrameworksBuildPhase;
			buildActionMask = 0;
			files = (
			);
			runOnlyForDeploymentPostprocessing = 0;
		};
		"___LinkPhase_Data" /* Frameworks */ = {
			isa = PBXFrameworksBuildPhase;
			buildActionMask = 0;
			files = (
				_LinkFileRef_C7 /* libC7.dylib in Frameworks */,
				_LinkFileRef_OperatingSystem /* libOperatingSystem.dylib in Frameworks */,
			);
			runOnlyForDeploymentPostprocessing = 0;
		};
		"___LinkPhase_InterchangeData" /* Frameworks */ = {
			isa = PBXFrameworksBuildPhase;
			buildActionMask = 0;
			files = (
				BE4E0D301CABF8DB00E2F0BB /* libC7.dylib in Frameworks */,
				BE4E0D311CABF8DB00E2F0BB /* libOperatingSystem.dylib in Frameworks */,
				_LinkFileRef_Data /* libData.dylib in Frameworks */,
			);
			runOnlyForDeploymentPostprocessing = 0;
		};
		"___LinkPhase_InterchangeDataMapper" /* Frameworks */ = {
			isa = PBXFrameworksBuildPhase;
			buildActionMask = 0;
			files = (
				BE4E0D321CABF8DB00E2F0BB /* libC7.dylib in Frameworks */,
				BE4E0D331CABF8DB00E2F0BB /* libOperatingSystem.dylib in Frameworks */,
				BE4E0D341CABF8DB00E2F0BB /* libData.dylib in Frameworks */,
				_LinkFileRef_InterchangeData /* libInterchangeData.dylib in Frameworks */,
			);
			runOnlyForDeploymentPostprocessing = 0;
		};
		"___LinkPhase_InterchangeDataMapperTestSuite" /* Frameworks */ = {
			isa = PBXFrameworksBuildPhase;
			buildActionMask = 0;
			files = (
				BE4E0D351CABF8DB00E2F0BB /* libC7.dylib in Frameworks */,
				BE4E0D361CABF8DB00E2F0BB /* libOperatingSystem.dylib in Frameworks */,
				BE4E0D371CABF8DB00E2F0BB /* libData.dylib in Frameworks */,
				BE4E0D381CABF8DB00E2F0BB /* libInterchangeData.dylib in Frameworks */,
				_LinkFileRef_InterchangeDataMapper /* libInterchangeDataMapper.dylib in Frameworks */,
			);
			runOnlyForDeploymentPostprocessing = 0;
		};
		"___LinkPhase_OperatingSystem" /* Frameworks */ = {
			isa = PBXFrameworksBuildPhase;
			buildActionMask = 0;
			files = (
			);
			runOnlyForDeploymentPostprocessing = 0;
		};
/* End PBXFrameworksBuildPhase section */

/* Begin PBXGroup section */
		TestProducts_ /* Tests */ = {
			isa = PBXGroup;
			children = (
				"_____Product_InterchangeDataMapperTestSuite" /* InterchangeDataMapperTestSuite.xctest */,
			);
			name = Tests;
			sourceTree = "<group>";
		};
		"___RootGroup_" = {
			isa = PBXGroup;
			children = (
				__PBXFileRef_Package.swift /* Package.swift */,
				"_____Sources_" /* Sources */,
				"_______Tests_" /* Tests */,
				"____Products_" /* Products */,
			);
			sourceTree = "<group>";
		};
		"____Products_" /* Products */ = {
			isa = PBXGroup;
			children = (
				TestProducts_ /* Tests */,
				"_____Product_OperatingSystem" /* libOperatingSystem.dylib */,
				"_____Product_C7" /* libC7.dylib */,
				"_____Product_Data" /* libData.dylib */,
				"_____Product_InterchangeData" /* libInterchangeData.dylib */,
				"_____Product_InterchangeDataMapper" /* libInterchangeDataMapper.dylib */,
			);
			name = Products;
			sourceTree = "<group>";
		};
		"_____Sources_" /* Sources */ = {
			isa = PBXGroup;
			children = (
				"_______Group_OperatingSystem" /* OperatingSystem */,
				"_______Group_C7" /* C7 */,
				"_______Group_Data" /* Data */,
				"_______Group_InterchangeData" /* InterchangeData */,
				"_______Group_InterchangeDataMapper" /* InterchangeDataMapper */,
			);
			name = Sources;
			sourceTree = "<group>";
		};
		"_______Group_C7" /* C7 */ = {
			isa = PBXGroup;
			children = (
				"__PBXFileRef_Packages/C7-0.1.11/Sources/AsyncStream.swift" /* AsyncStream.swift */,
				"__PBXFileRef_Packages/C7-0.1.11/Sources/AsyncStreamClient.swift" /* AsyncStreamClient.swift */,
				"__PBXFileRef_Packages/C7-0.1.11/Sources/AsyncStreamServer.swift" /* AsyncStreamServer.swift */,
				"__PBXFileRef_Packages/C7-0.1.11/Sources/Byte.swift" /* Byte.swift */,
				"__PBXFileRef_Packages/C7-0.1.11/Sources/CaseInsensitiveString.swift" /* CaseInsensitiveString.swift */,
				"__PBXFileRef_Packages/C7-0.1.11/Sources/CustomDataStore.swift" /* CustomDataStore.swift */,
				"__PBXFileRef_Packages/C7-0.1.11/Sources/Data.swift" /* Data.swift */,
				"__PBXFileRef_Packages/C7-0.1.11/Sources/Drain.swift" /* Drain.swift */,
				"__PBXFileRef_Packages/C7-0.1.11/Sources/Storage.swift" /* Storage.swift */,
				"__PBXFileRef_Packages/C7-0.1.11/Sources/Stream.swift" /* Stream.swift */,
				"__PBXFileRef_Packages/C7-0.1.11/Sources/StreamClient.swift" /* StreamClient.swift */,
				"__PBXFileRef_Packages/C7-0.1.11/Sources/StreamSequence.swift" /* StreamSequence.swift */,
				"__PBXFileRef_Packages/C7-0.1.11/Sources/StreamServer.swift" /* StreamServer.swift */,
				"__PBXFileRef_Packages/C7-0.1.11/Sources/URI.swift" /* URI.swift */,
			);
			name = C7;
			path = "Packages/C7-0.1.11/Sources";
			sourceTree = "<group>";
		};
		"_______Group_Data" /* Data */ = {
			isa = PBXGroup;
			children = (
				"__PBXFileRef_Packages/Data-0.4.8/Source/Data.swift" /* Data.swift */,
			);
			name = Data;
			path = "Packages/Data-0.4.8/Source";
			sourceTree = "<group>";
		};
		"_______Group_InterchangeData" /* InterchangeData */ = {
			isa = PBXGroup;
			children = (
				"__PBXFileRef_Packages/InterchangeData-0.4.2/Source/InterchangeData.swift" /* InterchangeData.swift */,
			);
			name = InterchangeData;
			path = "Packages/InterchangeData-0.4.2/Source";
			sourceTree = "<group>";
		};
		"_______Group_InterchangeDataMapper" /* InterchangeDataMapper */ = {
			isa = PBXGroup;
			children = (
				__PBXFileRef_Sources/Convertible.swift /* Initializable.swift */,
				__PBXFileRef_Sources/InterchangeData.swift /* InterchangeData.swift */,
				__PBXFileRef_Sources/Mappable.swift /* Mappable.swift */,
				__PBXFileRef_Sources/Mapper.swift /* Mapper.swift */,
				BE4E0D3E1CABFA8900E2F0BB /* Convertible.swift */,
			);
			name = InterchangeDataMapper;
			path = Sources;
			sourceTree = "<group>";
		};
		"_______Group_InterchangeDataMapperTestSuite" /* InterchangeDataMapper.testsuite */ = {
			isa = PBXGroup;
			children = (
				__PBXFileRef_Tests/InterchangeDataMapper/MappableValueTests.swift /* MappableValueTests.swift */,
				__PBXFileRef_Tests/InterchangeDataMapper/NormalValueTests.swift /* NormalValueTests.swift */,
				__PBXFileRef_Tests/InterchangeDataMapper/OptionalValueTests.swift /* OptionalValueTests.swift */,
				__PBXFileRef_Tests/InterchangeDataMapper/RawRepresentableValueTests.swift /* RawRepresentableValueTests.swift */,
			);
			name = InterchangeDataMapper.testsuite;
			path = Tests/InterchangeDataMapper;
			sourceTree = "<group>";
		};
		"_______Group_OperatingSystem" /* OperatingSystem */ = {
			isa = PBXGroup;
			children = (
				"__PBXFileRef_Packages/OperatingSystem-0.4.2/Sources/OperatingSystem.swift" /* OperatingSystem.swift */,
			);
			name = OperatingSystem;
			path = "Packages/OperatingSystem-0.4.2/Sources";
			sourceTree = "<group>";
		};
		"_______Tests_" /* Tests */ = {
			isa = PBXGroup;
			children = (
				"_______Group_InterchangeDataMapperTestSuite" /* InterchangeDataMapper.testsuite */,
			);
			name = Tests;
			sourceTree = "<group>";
		};
/* End PBXGroup section */

/* Begin PBXNativeTarget section */
		"______Target_C7" /* C7 */ = {
			isa = PBXNativeTarget;
			buildConfigurationList = "_______Confs_C7" /* Build configuration list for PBXNativeTarget "C7" */;
			buildPhases = (
				CompilePhase_C7 /* Sources */,
				"___LinkPhase_C7" /* Frameworks */,
			);
			buildRules = (
			);
			dependencies = (
			);
			name = C7;
			productName = C7;
			productReference = "_____Product_C7" /* libC7.dylib */;
			productType = "com.apple.product-type.library.dynamic";
		};
		"______Target_Data" /* Data */ = {
			isa = PBXNativeTarget;
			buildConfigurationList = "_______Confs_Data" /* Build configuration list for PBXNativeTarget "Data" */;
			buildPhases = (
				CompilePhase_Data /* Sources */,
				"___LinkPhase_Data" /* Frameworks */,
			);
			buildRules = (
			);
			dependencies = (
				__Dependency_C7 /* PBXTargetDependency */,
				__Dependency_OperatingSystem /* PBXTargetDependency */,
			);
			name = Data;
			productName = Data;
			productReference = "_____Product_Data" /* libData.dylib */;
			productType = "com.apple.product-type.library.dynamic";
		};
		"______Target_InterchangeData" /* InterchangeData */ = {
			isa = PBXNativeTarget;
			buildConfigurationList = "_______Confs_InterchangeData" /* Build configuration list for PBXNativeTarget "InterchangeData" */;
			buildPhases = (
				CompilePhase_InterchangeData /* Sources */,
				"___LinkPhase_InterchangeData" /* Frameworks */,
			);
			buildRules = (
			);
			dependencies = (
				__Dependency_C7 /* PBXTargetDependency */,
				__Dependency_OperatingSystem /* PBXTargetDependency */,
				__Dependency_Data /* PBXTargetDependency */,
			);
			name = InterchangeData;
			productName = InterchangeData;
			productReference = "_____Product_InterchangeData" /* libInterchangeData.dylib */;
			productType = "com.apple.product-type.library.dynamic";
		};
		"______Target_InterchangeDataMapper" /* InterchangeDataMapper */ = {
			isa = PBXNativeTarget;
			buildConfigurationList = "_______Confs_InterchangeDataMapper" /* Build configuration list for PBXNativeTarget "InterchangeDataMapper" */;
			buildPhases = (
				CompilePhase_InterchangeDataMapper /* Sources */,
				"___LinkPhase_InterchangeDataMapper" /* Frameworks */,
			);
			buildRules = (
			);
			dependencies = (
				__Dependency_C7 /* PBXTargetDependency */,
				__Dependency_OperatingSystem /* PBXTargetDependency */,
				__Dependency_Data /* PBXTargetDependency */,
				__Dependency_InterchangeData /* PBXTargetDependency */,
			);
			name = InterchangeDataMapper;
			productName = InterchangeDataMapper;
			productReference = "_____Product_InterchangeDataMapper" /* libInterchangeDataMapper.dylib */;
			productType = "com.apple.product-type.library.dynamic";
		};
		"______Target_InterchangeDataMapperTestSuite" /* InterchangeDataMapper.testsuite */ = {
			isa = PBXNativeTarget;
			buildConfigurationList = "_______Confs_InterchangeDataMapperTestSuite" /* Build configuration list for PBXNativeTarget "InterchangeDataMapper.testsuite" */;
			buildPhases = (
				CompilePhase_InterchangeDataMapperTestSuite /* Sources */,
				"___LinkPhase_InterchangeDataMapperTestSuite" /* Frameworks */,
			);
			buildRules = (
			);
			dependencies = (
				__Dependency_C7 /* PBXTargetDependency */,
				__Dependency_OperatingSystem /* PBXTargetDependency */,
				__Dependency_Data /* PBXTargetDependency */,
				__Dependency_InterchangeData /* PBXTargetDependency */,
				__Dependency_InterchangeDataMapper /* PBXTargetDependency */,
			);
			name = InterchangeDataMapper.testsuite;
			productName = InterchangeDataMapperTestSuite;
			productReference = "_____Product_InterchangeDataMapperTestSuite" /* InterchangeDataMapperTestSuite.xctest */;
			productType = "com.apple.product-type.bundle.unit-test";
		};
		"______Target_OperatingSystem" /* OperatingSystem */ = {
			isa = PBXNativeTarget;
			buildConfigurationList = "_______Confs_OperatingSystem" /* Build configuration list for PBXNativeTarget "OperatingSystem" */;
			buildPhases = (
				CompilePhase_OperatingSystem /* Sources */,
				"___LinkPhase_OperatingSystem" /* Frameworks */,
			);
			buildRules = (
			);
			dependencies = (
			);
			name = OperatingSystem;
			productName = OperatingSystem;
			productReference = "_____Product_OperatingSystem" /* libOperatingSystem.dylib */;
			productType = "com.apple.product-type.library.dynamic";
		};
/* End PBXNativeTarget section */

/* Begin PBXProject section */
		__RootObject_ /* Project object */ = {
			isa = PBXProject;
			attributes = {
				LastUpgradeCheck = 9999;
			};
			buildConfigurationList = "___RootConfs_" /* Build configuration list for PBXProject "InterchangeDataMapper" */;
			compatibilityVersion = "Xcode 3.2";
			developmentRegion = English;
			hasScannedForEncodings = 0;
			knownRegions = (
				en,
			);
			mainGroup = "___RootGroup_";
			productRefGroup = "____Products_" /* Products */;
			projectDirPath = "";
			projectRoot = "";
			targets = (
				"______Target_OperatingSystem" /* OperatingSystem */,
				"______Target_C7" /* C7 */,
				"______Target_Data" /* Data */,
				"______Target_InterchangeData" /* InterchangeData */,
				"______Target_InterchangeDataMapper" /* InterchangeDataMapper */,
				"______Target_InterchangeDataMapperTestSuite" /* InterchangeDataMapper.testsuite */,
			);
		};
/* End PBXProject section */

/* Begin PBXSourcesBuildPhase section */
		CompilePhase_C7 /* Sources */ = {
			isa = PBXSourcesBuildPhase;
			buildActionMask = 0;
			files = (
				"__src_cc_ref_Packages/C7-0.1.11/Sources/AsyncStream.swift" /* AsyncStream.swift in Sources */,
				"__src_cc_ref_Packages/C7-0.1.11/Sources/AsyncStreamClient.swift" /* AsyncStreamClient.swift in Sources */,
				"__src_cc_ref_Packages/C7-0.1.11/Sources/AsyncStreamServer.swift" /* AsyncStreamServer.swift in Sources */,
				"__src_cc_ref_Packages/C7-0.1.11/Sources/Byte.swift" /* Byte.swift in Sources */,
				"__src_cc_ref_Packages/C7-0.1.11/Sources/CaseInsensitiveString.swift" /* CaseInsensitiveString.swift in Sources */,
				"__src_cc_ref_Packages/C7-0.1.11/Sources/CustomDataStore.swift" /* CustomDataStore.swift in Sources */,
				"__src_cc_ref_Packages/C7-0.1.11/Sources/Data.swift" /* Data.swift in Sources */,
				"__src_cc_ref_Packages/C7-0.1.11/Sources/Drain.swift" /* Drain.swift in Sources */,
				"__src_cc_ref_Packages/C7-0.1.11/Sources/Storage.swift" /* Storage.swift in Sources */,
				"__src_cc_ref_Packages/C7-0.1.11/Sources/Stream.swift" /* Stream.swift in Sources */,
				"__src_cc_ref_Packages/C7-0.1.11/Sources/StreamClient.swift" /* StreamClient.swift in Sources */,
				"__src_cc_ref_Packages/C7-0.1.11/Sources/StreamSequence.swift" /* StreamSequence.swift in Sources */,
				"__src_cc_ref_Packages/C7-0.1.11/Sources/StreamServer.swift" /* StreamServer.swift in Sources */,
				"__src_cc_ref_Packages/C7-0.1.11/Sources/URI.swift" /* URI.swift in Sources */,
			);
			runOnlyForDeploymentPostprocessing = 0;
		};
		CompilePhase_Data /* Sources */ = {
			isa = PBXSourcesBuildPhase;
			buildActionMask = 0;
			files = (
				"__src_cc_ref_Packages/Data-0.4.8/Source/Data.swift" /* Data.swift in Sources */,
			);
			runOnlyForDeploymentPostprocessing = 0;
		};
		CompilePhase_InterchangeData /* Sources */ = {
			isa = PBXSourcesBuildPhase;
			buildActionMask = 0;
			files = (
				"__src_cc_ref_Packages/InterchangeData-0.4.2/Source/InterchangeData.swift" /* InterchangeData.swift in Sources */,
			);
			runOnlyForDeploymentPostprocessing = 0;
		};
		CompilePhase_InterchangeDataMapper /* Sources */ = {
			isa = PBXSourcesBuildPhase;
			buildActionMask = 0;
			files = (
				__src_cc_ref_Sources/Convertible.swift /* Initializable.swift in Sources */,
				__src_cc_ref_Sources/InterchangeData.swift /* InterchangeData.swift in Sources */,
				__src_cc_ref_Sources/Mappable.swift /* Mappable.swift in Sources */,
				BE4E0D3F1CABFA8900E2F0BB /* Convertible.swift in Sources */,
				__src_cc_ref_Sources/Mapper.swift /* Mapper.swift in Sources */,
			);
			runOnlyForDeploymentPostprocessing = 0;
		};
		CompilePhase_InterchangeDataMapperTestSuite /* Sources */ = {
			isa = PBXSourcesBuildPhase;
			buildActionMask = 0;
			files = (
				__src_cc_ref_Tests/InterchangeDataMapper/MappableValueTests.swift /* MappableValueTests.swift in Sources */,
				__src_cc_ref_Tests/InterchangeDataMapper/NormalValueTests.swift /* NormalValueTests.swift in Sources */,
				__src_cc_ref_Tests/InterchangeDataMapper/OptionalValueTests.swift /* OptionalValueTests.swift in Sources */,
				__src_cc_ref_Tests/InterchangeDataMapper/RawRepresentableValueTests.swift /* RawRepresentableValueTests.swift in Sources */,
			);
			runOnlyForDeploymentPostprocessing = 0;
		};
		CompilePhase_OperatingSystem /* Sources */ = {
			isa = PBXSourcesBuildPhase;
			buildActionMask = 0;
			files = (
				"__src_cc_ref_Packages/OperatingSystem-0.4.2/Sources/OperatingSystem.swift" /* OperatingSystem.swift in Sources */,
			);
			runOnlyForDeploymentPostprocessing = 0;
		};
/* End PBXSourcesBuildPhase section */

/* Begin PBXTargetDependency section */
		__Dependency_C7 /* PBXTargetDependency */ = {
			isa = PBXTargetDependency;
			target = "______Target_C7" /* C7 */;
			targetProxy = BE4E0D391CABF8DB00E2F0BB /* PBXContainerItemProxy */;
		};
		__Dependency_Data /* PBXTargetDependency */ = {
			isa = PBXTargetDependency;
			target = "______Target_Data" /* Data */;
			targetProxy = BE4E0D3B1CABF8DB00E2F0BB /* PBXContainerItemProxy */;
		};
		__Dependency_InterchangeData /* PBXTargetDependency */ = {
			isa = PBXTargetDependency;
			target = "______Target_InterchangeData" /* InterchangeData */;
			targetProxy = BE4E0D3C1CABF8DB00E2F0BB /* PBXContainerItemProxy */;
		};
		__Dependency_InterchangeDataMapper /* PBXTargetDependency */ = {
			isa = PBXTargetDependency;
			target = "______Target_InterchangeDataMapper" /* InterchangeDataMapper */;
			targetProxy = BE4E0D3D1CABF8DB00E2F0BB /* PBXContainerItemProxy */;
		};
		__Dependency_OperatingSystem /* PBXTargetDependency */ = {
			isa = PBXTargetDependency;
			target = "______Target_OperatingSystem" /* OperatingSystem */;
			targetProxy = BE4E0D3A1CABF8DB00E2F0BB /* PBXContainerItemProxy */;
		};
/* End PBXTargetDependency section */

/* Begin XCBuildConfiguration section */
		_ReleaseConf_C7 /* Release */ = {
			isa = XCBuildConfiguration;
			buildSettings = {
				COMBINE_HIDPI_IMAGES = YES;
				DYLIB_INSTALL_NAME_BASE = "$(CONFIGURATION_BUILD_DIR)";
				ENABLE_TESTABILITY = YES;
				LD_RUNPATH_SEARCH_PATHS = "$(TOOLCHAIN_DIR)/usr/lib/swift/macosx";
				MACOSX_DEPLOYMENT_TARGET = 10.10;
				OTHER_SWIFT_FLAGS = "-DXcode";
				PRODUCT_MODULE_NAME = C7;
				PRODUCT_NAME = "lib$(TARGET_NAME)";
			};
			name = Release;
		};
		_ReleaseConf_Data /* Release */ = {
			isa = XCBuildConfiguration;
			buildSettings = {
				COMBINE_HIDPI_IMAGES = YES;
				DYLIB_INSTALL_NAME_BASE = "$(CONFIGURATION_BUILD_DIR)";
				ENABLE_TESTABILITY = YES;
				LD_RUNPATH_SEARCH_PATHS = "$(TOOLCHAIN_DIR)/usr/lib/swift/macosx";
				MACOSX_DEPLOYMENT_TARGET = 10.10;
				OTHER_SWIFT_FLAGS = "-DXcode";
				PRODUCT_MODULE_NAME = Data;
				PRODUCT_NAME = "lib$(TARGET_NAME)";
			};
			name = Release;
		};
		_ReleaseConf_InterchangeData /* Release */ = {
			isa = XCBuildConfiguration;
			buildSettings = {
				COMBINE_HIDPI_IMAGES = YES;
				DYLIB_INSTALL_NAME_BASE = "$(CONFIGURATION_BUILD_DIR)";
				ENABLE_TESTABILITY = YES;
				LD_RUNPATH_SEARCH_PATHS = "$(TOOLCHAIN_DIR)/usr/lib/swift/macosx";
				MACOSX_DEPLOYMENT_TARGET = 10.10;
				OTHER_SWIFT_FLAGS = "-DXcode";
				PRODUCT_MODULE_NAME = InterchangeData;
				PRODUCT_NAME = "lib$(TARGET_NAME)";
			};
			name = Release;
		};
		_ReleaseConf_InterchangeDataMapper /* Release */ = {
			isa = XCBuildConfiguration;
			buildSettings = {
				COMBINE_HIDPI_IMAGES = YES;
				DYLIB_INSTALL_NAME_BASE = "$(CONFIGURATION_BUILD_DIR)";
				ENABLE_TESTABILITY = YES;
				LD_RUNPATH_SEARCH_PATHS = "$(TOOLCHAIN_DIR)/usr/lib/swift/macosx";
				MACOSX_DEPLOYMENT_TARGET = 10.10;
				OTHER_SWIFT_FLAGS = "-DXcode";
				PRODUCT_MODULE_NAME = InterchangeDataMapper;
				PRODUCT_NAME = "lib$(TARGET_NAME)";
			};
			name = Release;
		};
		_ReleaseConf_InterchangeDataMapperTestSuite /* Release */ = {
			isa = XCBuildConfiguration;
			buildSettings = {
				COMBINE_HIDPI_IMAGES = YES;
				EMBEDDED_CONTENT_CONTAINS_SWIFT = YES;
				LD_RUNPATH_SEARCH_PATHS = "@loader_path/../Frameworks";
				MACOSX_DEPLOYMENT_TARGET = 10.10;
				OTHER_SWIFT_FLAGS = "-DXcode";
				PRODUCT_MODULE_NAME = InterchangeDataMapperTestSuite;
				PRODUCT_NAME = "$(TARGET_NAME)";
			};
			name = Release;
		};
		_ReleaseConf_OperatingSystem /* Release */ = {
			isa = XCBuildConfiguration;
			buildSettings = {
				COMBINE_HIDPI_IMAGES = YES;
				DYLIB_INSTALL_NAME_BASE = "$(CONFIGURATION_BUILD_DIR)";
				ENABLE_TESTABILITY = YES;
				LD_RUNPATH_SEARCH_PATHS = "$(TOOLCHAIN_DIR)/usr/lib/swift/macosx";
				MACOSX_DEPLOYMENT_TARGET = 10.10;
				OTHER_SWIFT_FLAGS = "-DXcode";
				PRODUCT_MODULE_NAME = OperatingSystem;
				PRODUCT_NAME = "lib$(TARGET_NAME)";
			};
			name = Release;
		};
		"___DebugConf_C7" /* Debug */ = {
			isa = XCBuildConfiguration;
			buildSettings = {
				COMBINE_HIDPI_IMAGES = YES;
				DYLIB_INSTALL_NAME_BASE = "$(CONFIGURATION_BUILD_DIR)";
				ENABLE_TESTABILITY = YES;
				LD_RUNPATH_SEARCH_PATHS = "$(TOOLCHAIN_DIR)/usr/lib/swift/macosx";
				MACOSX_DEPLOYMENT_TARGET = 10.10;
				OTHER_SWIFT_FLAGS = "-DXcode";
				PRODUCT_MODULE_NAME = C7;
				PRODUCT_NAME = "lib$(TARGET_NAME)";
				SWIFT_OPTIMIZATION_LEVEL = "-Onone";
			};
			name = Debug;
		};
		"___DebugConf_Data" /* Debug */ = {
			isa = XCBuildConfiguration;
			buildSettings = {
				COMBINE_HIDPI_IMAGES = YES;
				DYLIB_INSTALL_NAME_BASE = "$(CONFIGURATION_BUILD_DIR)";
				ENABLE_TESTABILITY = YES;
				LD_RUNPATH_SEARCH_PATHS = "$(TOOLCHAIN_DIR)/usr/lib/swift/macosx";
				MACOSX_DEPLOYMENT_TARGET = 10.10;
				OTHER_SWIFT_FLAGS = "-DXcode";
				PRODUCT_MODULE_NAME = Data;
				PRODUCT_NAME = "lib$(TARGET_NAME)";
				SWIFT_OPTIMIZATION_LEVEL = "-Onone";
			};
			name = Debug;
		};
		"___DebugConf_InterchangeData" /* Debug */ = {
			isa = XCBuildConfiguration;
			buildSettings = {
				COMBINE_HIDPI_IMAGES = YES;
				DYLIB_INSTALL_NAME_BASE = "$(CONFIGURATION_BUILD_DIR)";
				ENABLE_TESTABILITY = YES;
				LD_RUNPATH_SEARCH_PATHS = "$(TOOLCHAIN_DIR)/usr/lib/swift/macosx";
				MACOSX_DEPLOYMENT_TARGET = 10.10;
				OTHER_SWIFT_FLAGS = "-DXcode";
				PRODUCT_MODULE_NAME = InterchangeData;
				PRODUCT_NAME = "lib$(TARGET_NAME)";
				SWIFT_OPTIMIZATION_LEVEL = "-Onone";
			};
			name = Debug;
		};
		"___DebugConf_InterchangeDataMapper" /* Debug */ = {
			isa = XCBuildConfiguration;
			buildSettings = {
				COMBINE_HIDPI_IMAGES = YES;
				DYLIB_INSTALL_NAME_BASE = "$(CONFIGURATION_BUILD_DIR)";
				ENABLE_TESTABILITY = YES;
				LD_RUNPATH_SEARCH_PATHS = "$(TOOLCHAIN_DIR)/usr/lib/swift/macosx";
				MACOSX_DEPLOYMENT_TARGET = 10.10;
				OTHER_SWIFT_FLAGS = "-DXcode";
				PRODUCT_MODULE_NAME = InterchangeDataMapper;
				PRODUCT_NAME = "lib$(TARGET_NAME)";
				SWIFT_OPTIMIZATION_LEVEL = "-Onone";
			};
			name = Debug;
		};
		"___DebugConf_InterchangeDataMapperTestSuite" /* Debug */ = {
			isa = XCBuildConfiguration;
			buildSettings = {
				COMBINE_HIDPI_IMAGES = YES;
				EMBEDDED_CONTENT_CONTAINS_SWIFT = YES;
				LD_RUNPATH_SEARCH_PATHS = "@loader_path/../Frameworks";
				MACOSX_DEPLOYMENT_TARGET = 10.10;
				OTHER_SWIFT_FLAGS = "-DXcode";
				PRODUCT_MODULE_NAME = InterchangeDataMapperTestSuite;
				PRODUCT_NAME = "$(TARGET_NAME)";
				SWIFT_OPTIMIZATION_LEVEL = "-Onone";
			};
			name = Debug;
		};
		"___DebugConf_OperatingSystem" /* Debug */ = {
			isa = XCBuildConfiguration;
			buildSettings = {
				COMBINE_HIDPI_IMAGES = YES;
				DYLIB_INSTALL_NAME_BASE = "$(CONFIGURATION_BUILD_DIR)";
				ENABLE_TESTABILITY = YES;
				LD_RUNPATH_SEARCH_PATHS = "$(TOOLCHAIN_DIR)/usr/lib/swift/macosx";
				MACOSX_DEPLOYMENT_TARGET = 10.10;
				OTHER_SWIFT_FLAGS = "-DXcode";
				PRODUCT_MODULE_NAME = OperatingSystem;
				PRODUCT_NAME = "lib$(TARGET_NAME)";
				SWIFT_OPTIMIZATION_LEVEL = "-Onone";
			};
			name = Debug;
		};
		"_____Release_" /* Release */ = {
			isa = XCBuildConfiguration;
			buildSettings = {
			};
			name = Release;
		};
		"_______Debug_" /* Debug */ = {
			isa = XCBuildConfiguration;
			buildSettings = {
			};
			name = Debug;
		};
/* End XCBuildConfiguration section */

/* Begin XCConfigurationList section */
		"___RootConfs_" /* Build configuration list for PBXProject "InterchangeDataMapper" */ = {
			isa = XCConfigurationList;
			buildConfigurations = (
				"_______Debug_" /* Debug */,
				"_____Release_" /* Release */,
			);
			defaultConfigurationIsVisible = 0;
			defaultConfigurationName = Debug;
		};
		"_______Confs_C7" /* Build configuration list for PBXNativeTarget "C7" */ = {
			isa = XCConfigurationList;
			buildConfigurations = (
				"___DebugConf_C7" /* Debug */,
				_ReleaseConf_C7 /* Release */,
			);
			defaultConfigurationIsVisible = 0;
			defaultConfigurationName = Debug;
		};
		"_______Confs_Data" /* Build configuration list for PBXNativeTarget "Data" */ = {
			isa = XCConfigurationList;
			buildConfigurations = (
				"___DebugConf_Data" /* Debug */,
				_ReleaseConf_Data /* Release */,
			);
			defaultConfigurationIsVisible = 0;
			defaultConfigurationName = Debug;
		};
		"_______Confs_InterchangeData" /* Build configuration list for PBXNativeTarget "InterchangeData" */ = {
			isa = XCConfigurationList;
			buildConfigurations = (
				"___DebugConf_InterchangeData" /* Debug */,
				_ReleaseConf_InterchangeData /* Release */,
			);
			defaultConfigurationIsVisible = 0;
			defaultConfigurationName = Debug;
		};
		"_______Confs_InterchangeDataMapper" /* Build configuration list for PBXNativeTarget "InterchangeDataMapper" */ = {
			isa = XCConfigurationList;
			buildConfigurations = (
				"___DebugConf_InterchangeDataMapper" /* Debug */,
				_ReleaseConf_InterchangeDataMapper /* Release */,
			);
			defaultConfigurationIsVisible = 0;
			defaultConfigurationName = Debug;
		};
		"_______Confs_InterchangeDataMapperTestSuite" /* Build configuration list for PBXNativeTarget "InterchangeDataMapper.testsuite" */ = {
			isa = XCConfigurationList;
			buildConfigurations = (
				"___DebugConf_InterchangeDataMapperTestSuite" /* Debug */,
				_ReleaseConf_InterchangeDataMapperTestSuite /* Release */,
			);
			defaultConfigurationIsVisible = 0;
			defaultConfigurationName = Debug;
		};
		"_______Confs_OperatingSystem" /* Build configuration list for PBXNativeTarget "OperatingSystem" */ = {
			isa = XCConfigurationList;
			buildConfigurations = (
				"___DebugConf_OperatingSystem" /* Debug */,
				_ReleaseConf_OperatingSystem /* Release */,
			);
			defaultConfigurationIsVisible = 0;
			defaultConfigurationName = Debug;
		};
/* End XCConfigurationList section */
	};
	rootObject = __RootObject_ /* Project object */;
}
